// !$*UTF8*$!
{
	archiveVersion = 1;
	classes = {
	};
	objectVersion = 50;
	objects = {

/* Begin PBXBuildFile section */
		3356ABB425B35B52006F32FF /* PSAWeatherSDK.framework in Frameworks */ = {isa = PBXBuildFile; fileRef = 3356ABAA25B35B52006F32FF /* PSAWeatherSDK.framework */; };
		3356ABB925B35B52006F32FF /* PSAWeatherSDKTests.swift in Sources */ = {isa = PBXBuildFile; fileRef = 3356ABB825B35B52006F32FF /* PSAWeatherSDKTests.swift */; };
		3356ABBB25B35B52006F32FF /* PSAWeatherSDK.h in Headers */ = {isa = PBXBuildFile; fileRef = 3356ABAD25B35B52006F32FF /* PSAWeatherSDK.h */; settings = {ATTRIBUTES = (Public, ); }; };
		3356ABCD25B35BEC006F32FF /* AppDelegate.swift in Sources */ = {isa = PBXBuildFile; fileRef = 3356ABCC25B35BEC006F32FF /* AppDelegate.swift */; };
		3356ABCF25B35BEC006F32FF /* SceneDelegate.swift in Sources */ = {isa = PBXBuildFile; fileRef = 3356ABCE25B35BEC006F32FF /* SceneDelegate.swift */; };
		3356ABD125B35BEC006F32FF /* ViewController.swift in Sources */ = {isa = PBXBuildFile; fileRef = 3356ABD025B35BEC006F32FF /* ViewController.swift */; };
		3356ABD425B35BED006F32FF /* Main.storyboard in Resources */ = {isa = PBXBuildFile; fileRef = 3356ABD225B35BED006F32FF /* Main.storyboard */; };
		3356ABD625B35BEF006F32FF /* Assets.xcassets in Resources */ = {isa = PBXBuildFile; fileRef = 3356ABD525B35BEF006F32FF /* Assets.xcassets */; };
		3356ABD925B35BEF006F32FF /* LaunchScreen.storyboard in Resources */ = {isa = PBXBuildFile; fileRef = 3356ABD725B35BEF006F32FF /* LaunchScreen.storyboard */; };
		3356ABE325B35C69006F32FF /* PSAWeatherSDK.xcdatamodeld in Sources */ = {isa = PBXBuildFile; fileRef = 3356ABE125B35C69006F32FF /* PSAWeatherSDK.xcdatamodeld */; };
		3356ABEF25B367DE006F32FF /* PSAWeatherSDK.swift in Sources */ = {isa = PBXBuildFile; fileRef = 3356ABEE25B367DE006F32FF /* PSAWeatherSDK.swift */; };
		3356ABF425B36C49006F32FF /* PSAWeatherSDKProtocol.swift in Sources */ = {isa = PBXBuildFile; fileRef = 3356ABF325B36C49006F32FF /* PSAWeatherSDKProtocol.swift */; };
		3356ABFE25B37284006F32FF /* PSAWeatherSDKExtension.swift in Sources */ = {isa = PBXBuildFile; fileRef = 3356ABFD25B37284006F32FF /* PSAWeatherSDKExtension.swift */; };
		3356AC0325B372A9006F32FF /* AddCityProtocols.swift in Sources */ = {isa = PBXBuildFile; fileRef = 3356AC0225B372A9006F32FF /* AddCityProtocols.swift */; };
		3356AC0B25B372D8006F32FF /* AddCityInteractor.swift in Sources */ = {isa = PBXBuildFile; fileRef = 3356AC0A25B372D8006F32FF /* AddCityInteractor.swift */; };
		3356AC1125B376A3006F32FF /* WebService .swift in Sources */ = {isa = PBXBuildFile; fileRef = 3356AC1025B376A3006F32FF /* WebService .swift */; };
		3356AC1925B3771E006F32FF /* NetworkError.swift in Sources */ = {isa = PBXBuildFile; fileRef = 3356AC1825B3771E006F32FF /* NetworkError.swift */; };
		3356AC1E25B37855006F32FF /* URLGenerator.swift in Sources */ = {isa = PBXBuildFile; fileRef = 3356AC1D25B37855006F32FF /* URLGenerator.swift */; };
		3356AC2425B37D2A006F32FF /* CurrentCityWeather.swift in Sources */ = {isa = PBXBuildFile; fileRef = 3356AC2325B37D2A006F32FF /* CurrentCityWeather.swift */; };
		3356AC4A25B387F1006F32FF /* PersistentService.swift in Sources */ = {isa = PBXBuildFile; fileRef = 3356AC4925B387F1006F32FF /* PersistentService.swift */; };
		3356AC5025B388A8006F32FF /* CoreDataInteractor.swift in Sources */ = {isa = PBXBuildFile; fileRef = 3356AC4F25B388A8006F32FF /* CoreDataInteractor.swift */; };
		3356AC7425B39305006F32FF /* Extenions.swift in Sources */ = {isa = PBXBuildFile; fileRef = 3356AC7325B39305006F32FF /* Extenions.swift */; };
		3356ACB125B3BBFB006F32FF /* Wind+CoreDataClass.swift in Sources */ = {isa = PBXBuildFile; fileRef = 3356ACA525B3BBFB006F32FF /* Wind+CoreDataClass.swift */; };
		3356ACB225B3BBFB006F32FF /* Wind+CoreDataProperties.swift in Sources */ = {isa = PBXBuildFile; fileRef = 3356ACA625B3BBFB006F32FF /* Wind+CoreDataProperties.swift */; };
		3356ACB325B3BBFB006F32FF /* Main+CoreDataClass.swift in Sources */ = {isa = PBXBuildFile; fileRef = 3356ACA725B3BBFB006F32FF /* Main+CoreDataClass.swift */; };
		3356ACB425B3BBFB006F32FF /* Main+CoreDataProperties.swift in Sources */ = {isa = PBXBuildFile; fileRef = 3356ACA825B3BBFB006F32FF /* Main+CoreDataProperties.swift */; };
		3356ACB525B3BBFB006F32FF /* Weather+CoreDataClass.swift in Sources */ = {isa = PBXBuildFile; fileRef = 3356ACA925B3BBFB006F32FF /* Weather+CoreDataClass.swift */; };
		3356ACB625B3BBFB006F32FF /* Weather+CoreDataProperties.swift in Sources */ = {isa = PBXBuildFile; fileRef = 3356ACAA25B3BBFB006F32FF /* Weather+CoreDataProperties.swift */; };
		3356ACB725B3BBFB006F32FF /* Clouds+CoreDataClass.swift in Sources */ = {isa = PBXBuildFile; fileRef = 3356ACAB25B3BBFB006F32FF /* Clouds+CoreDataClass.swift */; };
		3356ACB825B3BBFB006F32FF /* Clouds+CoreDataProperties.swift in Sources */ = {isa = PBXBuildFile; fileRef = 3356ACAC25B3BBFB006F32FF /* Clouds+CoreDataProperties.swift */; };
		3356ACB925B3BBFB006F32FF /* Coord+CoreDataClass.swift in Sources */ = {isa = PBXBuildFile; fileRef = 3356ACAD25B3BBFB006F32FF /* Coord+CoreDataClass.swift */; };
		3356ACBA25B3BBFB006F32FF /* Coord+CoreDataProperties.swift in Sources */ = {isa = PBXBuildFile; fileRef = 3356ACAE25B3BBFB006F32FF /* Coord+CoreDataProperties.swift */; };
		3356ACBB25B3BBFB006F32FF /* CurrentCityWeather+CoreDataClass.swift in Sources */ = {isa = PBXBuildFile; fileRef = 3356ACAF25B3BBFB006F32FF /* CurrentCityWeather+CoreDataClass.swift */; };
		3356ACBC25B3BBFB006F32FF /* CurrentCityWeather+CoreDataProperties.swift in Sources */ = {isa = PBXBuildFile; fileRef = 3356ACB025B3BBFB006F32FF /* CurrentCityWeather+CoreDataProperties.swift */; };
		3356ACCC25B3BC7E006F32FF /* PSAWeatherSDK.xcdatamodeld in Sources */ = {isa = PBXBuildFile; fileRef = 3356ABE125B35C69006F32FF /* PSAWeatherSDK.xcdatamodeld */; };
		33B0EBE825B45AD9009F4E51 /* WebServiceTest.swift in Sources */ = {isa = PBXBuildFile; fileRef = 33B0EBE725B45AD9009F4E51 /* WebServiceTest.swift */; };
		33B0EBED25B45C00009F4E51 /* CurrentWeather.json in Resources */ = {isa = PBXBuildFile; fileRef = 33B0EBEC25B45C00009F4E51 /* CurrentWeather.json */; };
		33B0EBF625B46174009F4E51 /* CoreDataInteractorTest.swift in Sources */ = {isa = PBXBuildFile; fileRef = 33B0EBF525B46174009F4E51 /* CoreDataInteractorTest.swift */; };
		33B0EBFD25B468D1009F4E51 /* PSAWeatherSDK.xcdatamodeld in Sources */ = {isa = PBXBuildFile; fileRef = 3356ABE125B35C69006F32FF /* PSAWeatherSDK.xcdatamodeld */; };
		33B0EC1725B46CAB009F4E51 /* CityInteractorTest.swift in Sources */ = {isa = PBXBuildFile; fileRef = 33B0EC1625B46CAB009F4E51 /* CityInteractorTest.swift */; };
		33B0EC4025B47E59009F4E51 /* NetworkSessionMock.swift in Sources */ = {isa = PBXBuildFile; fileRef = 33B0EC3F25B47E59009F4E51 /* NetworkSessionMock.swift */; };
/* End PBXBuildFile section */

/* Begin PBXContainerItemProxy section */
		3356ABB525B35B52006F32FF /* PBXContainerItemProxy */ = {
			isa = PBXContainerItemProxy;
			containerPortal = 3356ABA125B35B52006F32FF /* Project object */;
			proxyType = 1;
			remoteGlobalIDString = 3356ABA925B35B52006F32FF;
			remoteInfo = PSAWeatherSDK;
		};
		33B0EC0A25B46B08009F4E51 /* PBXContainerItemProxy */ = {
			isa = PBXContainerItemProxy;
			containerPortal = 3356ABA125B35B52006F32FF /* Project object */;
			proxyType = 1;
			remoteGlobalIDString = 3356ABC925B35BEC006F32FF;
			remoteInfo = PSAWeatherSDKExamples;
		};
/* End PBXContainerItemProxy section */

/* Begin PBXFileReference section */
		3356ABAA25B35B52006F32FF /* PSAWeatherSDK.framework */ = {isa = PBXFileReference; explicitFileType = wrapper.framework; includeInIndex = 0; path = PSAWeatherSDK.framework; sourceTree = BUILT_PRODUCTS_DIR; };
		3356ABAD25B35B52006F32FF /* PSAWeatherSDK.h */ = {isa = PBXFileReference; lastKnownFileType = sourcecode.c.h; path = PSAWeatherSDK.h; sourceTree = "<group>"; };
		3356ABAE25B35B52006F32FF /* Info.plist */ = {isa = PBXFileReference; lastKnownFileType = text.plist.xml; path = Info.plist; sourceTree = "<group>"; };
		3356ABB325B35B52006F32FF /* PSAWeatherSDKTests.xctest */ = {isa = PBXFileReference; explicitFileType = wrapper.cfbundle; includeInIndex = 0; path = PSAWeatherSDKTests.xctest; sourceTree = BUILT_PRODUCTS_DIR; };
		3356ABB825B35B52006F32FF /* PSAWeatherSDKTests.swift */ = {isa = PBXFileReference; lastKnownFileType = sourcecode.swift; path = PSAWeatherSDKTests.swift; sourceTree = "<group>"; };
		3356ABBA25B35B52006F32FF /* Info.plist */ = {isa = PBXFileReference; lastKnownFileType = text.plist.xml; path = Info.plist; sourceTree = "<group>"; };
		3356ABCA25B35BEC006F32FF /* PSAWeatherSDKExamples.app */ = {isa = PBXFileReference; explicitFileType = wrapper.application; includeInIndex = 0; path = PSAWeatherSDKExamples.app; sourceTree = BUILT_PRODUCTS_DIR; };
		3356ABCC25B35BEC006F32FF /* AppDelegate.swift */ = {isa = PBXFileReference; lastKnownFileType = sourcecode.swift; path = AppDelegate.swift; sourceTree = "<group>"; };
		3356ABCE25B35BEC006F32FF /* SceneDelegate.swift */ = {isa = PBXFileReference; lastKnownFileType = sourcecode.swift; path = SceneDelegate.swift; sourceTree = "<group>"; };
		3356ABD025B35BEC006F32FF /* ViewController.swift */ = {isa = PBXFileReference; lastKnownFileType = sourcecode.swift; path = ViewController.swift; sourceTree = "<group>"; };
		3356ABD325B35BED006F32FF /* Base */ = {isa = PBXFileReference; lastKnownFileType = file.storyboard; name = Base; path = Base.lproj/Main.storyboard; sourceTree = "<group>"; };
		3356ABD525B35BEF006F32FF /* Assets.xcassets */ = {isa = PBXFileReference; lastKnownFileType = folder.assetcatalog; path = Assets.xcassets; sourceTree = "<group>"; };
		3356ABD825B35BEF006F32FF /* Base */ = {isa = PBXFileReference; lastKnownFileType = file.storyboard; name = Base; path = Base.lproj/LaunchScreen.storyboard; sourceTree = "<group>"; };
		3356ABDA25B35BEF006F32FF /* Info.plist */ = {isa = PBXFileReference; lastKnownFileType = text.plist.xml; path = Info.plist; sourceTree = "<group>"; };
		3356ABE225B35C69006F32FF /* PSAWeatherSDK.xcdatamodel */ = {isa = PBXFileReference; lastKnownFileType = wrapper.xcdatamodel; path = PSAWeatherSDK.xcdatamodel; sourceTree = "<group>"; };
		3356ABEE25B367DE006F32FF /* PSAWeatherSDK.swift */ = {isa = PBXFileReference; lastKnownFileType = sourcecode.swift; path = PSAWeatherSDK.swift; sourceTree = "<group>"; };
		3356ABF325B36C49006F32FF /* PSAWeatherSDKProtocol.swift */ = {isa = PBXFileReference; lastKnownFileType = sourcecode.swift; path = PSAWeatherSDKProtocol.swift; sourceTree = "<group>"; };
		3356ABFD25B37284006F32FF /* PSAWeatherSDKExtension.swift */ = {isa = PBXFileReference; lastKnownFileType = sourcecode.swift; path = PSAWeatherSDKExtension.swift; sourceTree = "<group>"; };
		3356AC0225B372A9006F32FF /* AddCityProtocols.swift */ = {isa = PBXFileReference; lastKnownFileType = sourcecode.swift; path = AddCityProtocols.swift; sourceTree = "<group>"; };
		3356AC0A25B372D8006F32FF /* AddCityInteractor.swift */ = {isa = PBXFileReference; lastKnownFileType = sourcecode.swift; path = AddCityInteractor.swift; sourceTree = "<group>"; };
		3356AC1025B376A3006F32FF /* WebService .swift */ = {isa = PBXFileReference; lastKnownFileType = sourcecode.swift; path = "WebService .swift"; sourceTree = "<group>"; };
		3356AC1825B3771E006F32FF /* NetworkError.swift */ = {isa = PBXFileReference; lastKnownFileType = sourcecode.swift; path = NetworkError.swift; sourceTree = "<group>"; };
		3356AC1D25B37855006F32FF /* URLGenerator.swift */ = {isa = PBXFileReference; lastKnownFileType = sourcecode.swift; path = URLGenerator.swift; sourceTree = "<group>"; };
		3356AC2325B37D2A006F32FF /* CurrentCityWeather.swift */ = {isa = PBXFileReference; lastKnownFileType = sourcecode.swift; path = CurrentCityWeather.swift; sourceTree = "<group>"; };
		3356AC4925B387F1006F32FF /* PersistentService.swift */ = {isa = PBXFileReference; lastKnownFileType = sourcecode.swift; path = PersistentService.swift; sourceTree = "<group>"; };
		3356AC4F25B388A8006F32FF /* CoreDataInteractor.swift */ = {isa = PBXFileReference; lastKnownFileType = sourcecode.swift; path = CoreDataInteractor.swift; sourceTree = "<group>"; };
		3356AC7325B39305006F32FF /* Extenions.swift */ = {isa = PBXFileReference; lastKnownFileType = sourcecode.swift; path = Extenions.swift; sourceTree = "<group>"; };
		3356ACA525B3BBFB006F32FF /* Wind+CoreDataClass.swift */ = {isa = PBXFileReference; lastKnownFileType = sourcecode.swift; path = "Wind+CoreDataClass.swift"; sourceTree = "<group>"; };
		3356ACA625B3BBFB006F32FF /* Wind+CoreDataProperties.swift */ = {isa = PBXFileReference; lastKnownFileType = sourcecode.swift; path = "Wind+CoreDataProperties.swift"; sourceTree = "<group>"; };
		3356ACA725B3BBFB006F32FF /* Main+CoreDataClass.swift */ = {isa = PBXFileReference; lastKnownFileType = sourcecode.swift; path = "Main+CoreDataClass.swift"; sourceTree = "<group>"; };
		3356ACA825B3BBFB006F32FF /* Main+CoreDataProperties.swift */ = {isa = PBXFileReference; lastKnownFileType = sourcecode.swift; path = "Main+CoreDataProperties.swift"; sourceTree = "<group>"; };
		3356ACA925B3BBFB006F32FF /* Weather+CoreDataClass.swift */ = {isa = PBXFileReference; lastKnownFileType = sourcecode.swift; path = "Weather+CoreDataClass.swift"; sourceTree = "<group>"; };
		3356ACAA25B3BBFB006F32FF /* Weather+CoreDataProperties.swift */ = {isa = PBXFileReference; lastKnownFileType = sourcecode.swift; path = "Weather+CoreDataProperties.swift"; sourceTree = "<group>"; };
		3356ACAB25B3BBFB006F32FF /* Clouds+CoreDataClass.swift */ = {isa = PBXFileReference; lastKnownFileType = sourcecode.swift; path = "Clouds+CoreDataClass.swift"; sourceTree = "<group>"; };
		3356ACAC25B3BBFB006F32FF /* Clouds+CoreDataProperties.swift */ = {isa = PBXFileReference; lastKnownFileType = sourcecode.swift; path = "Clouds+CoreDataProperties.swift"; sourceTree = "<group>"; };
		3356ACAD25B3BBFB006F32FF /* Coord+CoreDataClass.swift */ = {isa = PBXFileReference; lastKnownFileType = sourcecode.swift; path = "Coord+CoreDataClass.swift"; sourceTree = "<group>"; };
		3356ACAE25B3BBFB006F32FF /* Coord+CoreDataProperties.swift */ = {isa = PBXFileReference; lastKnownFileType = sourcecode.swift; path = "Coord+CoreDataProperties.swift"; sourceTree = "<group>"; };
		3356ACAF25B3BBFB006F32FF /* CurrentCityWeather+CoreDataClass.swift */ = {isa = PBXFileReference; lastKnownFileType = sourcecode.swift; path = "CurrentCityWeather+CoreDataClass.swift"; sourceTree = "<group>"; };
		3356ACB025B3BBFB006F32FF /* CurrentCityWeather+CoreDataProperties.swift */ = {isa = PBXFileReference; lastKnownFileType = sourcecode.swift; path = "CurrentCityWeather+CoreDataProperties.swift"; sourceTree = "<group>"; };
		33B0EBE725B45AD9009F4E51 /* WebServiceTest.swift */ = {isa = PBXFileReference; lastKnownFileType = sourcecode.swift; path = WebServiceTest.swift; sourceTree = "<group>"; };
		33B0EBEC25B45C00009F4E51 /* CurrentWeather.json */ = {isa = PBXFileReference; lastKnownFileType = text.json; path = CurrentWeather.json; sourceTree = "<group>"; };
		33B0EBF525B46174009F4E51 /* CoreDataInteractorTest.swift */ = {isa = PBXFileReference; lastKnownFileType = sourcecode.swift; path = CoreDataInteractorTest.swift; sourceTree = "<group>"; };
		33B0EC1625B46CAB009F4E51 /* CityInteractorTest.swift */ = {isa = PBXFileReference; lastKnownFileType = sourcecode.swift; path = CityInteractorTest.swift; sourceTree = "<group>"; };
		33B0EC3F25B47E59009F4E51 /* NetworkSessionMock.swift */ = {isa = PBXFileReference; lastKnownFileType = sourcecode.swift; path = NetworkSessionMock.swift; sourceTree = "<group>"; };
/* End PBXFileReference section */

/* Begin PBXFrameworksBuildPhase section */
		3356ABA725B35B52006F32FF /* Frameworks */ = {
			isa = PBXFrameworksBuildPhase;
			buildActionMask = 2147483647;
			files = (
			);
			runOnlyForDeploymentPostprocessing = 0;
		};
		3356ABB025B35B52006F32FF /* Frameworks */ = {
			isa = PBXFrameworksBuildPhase;
			buildActionMask = 2147483647;
			files = (
				3356ABB425B35B52006F32FF /* PSAWeatherSDK.framework in Frameworks */,
			);
			runOnlyForDeploymentPostprocessing = 0;
		};
		3356ABC725B35BEC006F32FF /* Frameworks */ = {
			isa = PBXFrameworksBuildPhase;
			buildActionMask = 2147483647;
			files = (
			);
			runOnlyForDeploymentPostprocessing = 0;
		};
/* End PBXFrameworksBuildPhase section */

/* Begin PBXGroup section */
		3356ABA025B35B52006F32FF = {
			isa = PBXGroup;
			children = (
				3356ABE125B35C69006F32FF /* PSAWeatherSDK.xcdatamodeld */,
				3356ABAC25B35B52006F32FF /* PSAWeatherSDK */,
				3356ABB725B35B52006F32FF /* PSAWeatherSDKTests */,
				3356ABCB25B35BEC006F32FF /* PSAWeatherSDKExamples */,
				3356ABAB25B35B52006F32FF /* Products */,
			);
			sourceTree = "<group>";
		};
		3356ABAB25B35B52006F32FF /* Products */ = {
			isa = PBXGroup;
			children = (
				3356ABAA25B35B52006F32FF /* PSAWeatherSDK.framework */,
				3356ABB325B35B52006F32FF /* PSAWeatherSDKTests.xctest */,
				3356ABCA25B35BEC006F32FF /* PSAWeatherSDKExamples.app */,
			);
			name = Products;
			sourceTree = "<group>";
		};
		3356ABAC25B35B52006F32FF /* PSAWeatherSDK */ = {
			isa = PBXGroup;
			children = (
				3356ABE725B3646D006F32FF /* Domain */,
				3356ABE825B36474006F32FF /* Data */,
				3356AC7125B392D9006F32FF /* Utils */,
				3356ABAD25B35B52006F32FF /* PSAWeatherSDK.h */,
				3356ABAE25B35B52006F32FF /* Info.plist */,
			);
			path = PSAWeatherSDK;
			sourceTree = "<group>";
		};
		3356ABB725B35B52006F32FF /* PSAWeatherSDKTests */ = {
			isa = PBXGroup;
			children = (
				33B0EC1525B46C93009F4E51 /* CityModuleTests */,
				33B0EBF425B46144009F4E51 /* LocalServicesTests */,
				33B0EBDB25B45A68009F4E51 /* RemoteServiceTests */,
				3356ABB825B35B52006F32FF /* PSAWeatherSDKTests.swift */,
				3356ABBA25B35B52006F32FF /* Info.plist */,
			);
			path = PSAWeatherSDKTests;
			sourceTree = "<group>";
		};
		3356ABCB25B35BEC006F32FF /* PSAWeatherSDKExamples */ = {
			isa = PBXGroup;
			children = (
				3356ABCC25B35BEC006F32FF /* AppDelegate.swift */,
				3356ABCE25B35BEC006F32FF /* SceneDelegate.swift */,
				3356ABD025B35BEC006F32FF /* ViewController.swift */,
				3356ABD225B35BED006F32FF /* Main.storyboard */,
				3356ABD525B35BEF006F32FF /* Assets.xcassets */,
				3356ABD725B35BEF006F32FF /* LaunchScreen.storyboard */,
				3356ABDA25B35BEF006F32FF /* Info.plist */,
			);
			path = PSAWeatherSDKExamples;
			sourceTree = "<group>";
		};
		3356ABE725B3646D006F32FF /* Domain */ = {
			isa = PBXGroup;
			children = (
				3356ABED25B365E9006F32FF /* Protocols */,
				3356ABEC25B3659A006F32FF /* Entry */,
			);
			path = Domain;
			sourceTree = "<group>";
		};
		3356ABE825B36474006F32FF /* Data */ = {
			isa = PBXGroup;
			children = (
				3356AC2225B37BDB006F32FF /* Models */,
				3356ABEA25B364E7006F32FF /* Source */,
				3356ABE925B364E0006F32FF /* Modules */,
			);
			path = Data;
			sourceTree = "<group>";
		};
		3356ABE925B364E0006F32FF /* Modules */ = {
			isa = PBXGroup;
			children = (
				3356ABF825B36D80006F32FF /* CityModule */,
			);
			path = Modules;
			sourceTree = "<group>";
		};
		3356ABEA25B364E7006F32FF /* Source */ = {
			isa = PBXGroup;
			children = (
				3356AC4E25B38864006F32FF /* LocalService */,
				3356AC0F25B37686006F32FF /* RemoteService */,
			);
			path = Source;
			sourceTree = "<group>";
		};
		3356ABEC25B3659A006F32FF /* Entry */ = {
			isa = PBXGroup;
			children = (
				3356ABEE25B367DE006F32FF /* PSAWeatherSDK.swift */,
			);
			path = Entry;
			sourceTree = "<group>";
		};
		3356ABED25B365E9006F32FF /* Protocols */ = {
			isa = PBXGroup;
			children = (
				3356ABF325B36C49006F32FF /* PSAWeatherSDKProtocol.swift */,
			);
			path = Protocols;
			sourceTree = "<group>";
		};
		3356ABF825B36D80006F32FF /* CityModule */ = {
			isa = PBXGroup;
			children = (
				3356ABF925B371F7006F32FF /* EntryExtension */,
				3356ABFB25B3722D006F32FF /* Protocols */,
				3356ABFC25B3724F006F32FF /* Interactor */,
				3356ABFA25B37217006F32FF /* Entity */,
			);
			path = CityModule;
			sourceTree = "<group>";
		};
		3356ABF925B371F7006F32FF /* EntryExtension */ = {
			isa = PBXGroup;
			children = (
				3356ABFD25B37284006F32FF /* PSAWeatherSDKExtension.swift */,
			);
			path = EntryExtension;
			sourceTree = "<group>";
		};
		3356ABFA25B37217006F32FF /* Entity */ = {
			isa = PBXGroup;
			children = (
				3356ACA525B3BBFB006F32FF /* Wind+CoreDataClass.swift */,
				3356ACA625B3BBFB006F32FF /* Wind+CoreDataProperties.swift */,
				3356ACA725B3BBFB006F32FF /* Main+CoreDataClass.swift */,
				3356ACA825B3BBFB006F32FF /* Main+CoreDataProperties.swift */,
				3356ACA925B3BBFB006F32FF /* Weather+CoreDataClass.swift */,
				3356ACAA25B3BBFB006F32FF /* Weather+CoreDataProperties.swift */,
				3356ACAB25B3BBFB006F32FF /* Clouds+CoreDataClass.swift */,
				3356ACAC25B3BBFB006F32FF /* Clouds+CoreDataProperties.swift */,
				3356ACAD25B3BBFB006F32FF /* Coord+CoreDataClass.swift */,
				3356ACAE25B3BBFB006F32FF /* Coord+CoreDataProperties.swift */,
				3356ACAF25B3BBFB006F32FF /* CurrentCityWeather+CoreDataClass.swift */,
				3356ACB025B3BBFB006F32FF /* CurrentCityWeather+CoreDataProperties.swift */,
			);
			path = Entity;
			sourceTree = "<group>";
		};
		3356ABFB25B3722D006F32FF /* Protocols */ = {
			isa = PBXGroup;
			children = (
				3356AC0225B372A9006F32FF /* AddCityProtocols.swift */,
			);
			path = Protocols;
			sourceTree = "<group>";
		};
		3356ABFC25B3724F006F32FF /* Interactor */ = {
			isa = PBXGroup;
			children = (
				3356AC0A25B372D8006F32FF /* AddCityInteractor.swift */,
			);
			path = Interactor;
			sourceTree = "<group>";
		};
		3356AC0F25B37686006F32FF /* RemoteService */ = {
			isa = PBXGroup;
			children = (
				3356AC1025B376A3006F32FF /* WebService .swift */,
				3356AC1825B3771E006F32FF /* NetworkError.swift */,
				3356AC1D25B37855006F32FF /* URLGenerator.swift */,
			);
			path = RemoteService;
			sourceTree = "<group>";
		};
		3356AC2225B37BDB006F32FF /* Models */ = {
			isa = PBXGroup;
			children = (
				3356AC2325B37D2A006F32FF /* CurrentCityWeather.swift */,
			);
			path = Models;
			sourceTree = "<group>";
		};
		3356AC4E25B38864006F32FF /* LocalService */ = {
			isa = PBXGroup;
			children = (
				3356AC4925B387F1006F32FF /* PersistentService.swift */,
				3356AC4F25B388A8006F32FF /* CoreDataInteractor.swift */,
			);
			path = LocalService;
			sourceTree = "<group>";
		};
		3356AC7125B392D9006F32FF /* Utils */ = {
			isa = PBXGroup;
			children = (
				3356AC7325B39305006F32FF /* Extenions.swift */,
			);
			path = Utils;
			sourceTree = "<group>";
		};
		33B0EBDB25B45A68009F4E51 /* RemoteServiceTests */ = {
			isa = PBXGroup;
			children = (
				33B0EBE725B45AD9009F4E51 /* WebServiceTest.swift */,
				33B0EBEC25B45C00009F4E51 /* CurrentWeather.json */,
				33B0EC3F25B47E59009F4E51 /* NetworkSessionMock.swift */,
			);
			path = RemoteServiceTests;
			sourceTree = "<group>";
		};
		33B0EBF425B46144009F4E51 /* LocalServicesTests */ = {
			isa = PBXGroup;
			children = (
				33B0EBF525B46174009F4E51 /* CoreDataInteractorTest.swift */,
			);
			path = LocalServicesTests;
			sourceTree = "<group>";
		};
		33B0EC1525B46C93009F4E51 /* CityModuleTests */ = {
			isa = PBXGroup;
			children = (
				33B0EC1625B46CAB009F4E51 /* CityInteractorTest.swift */,
			);
			path = CityModuleTests;
			sourceTree = "<group>";
		};
/* End PBXGroup section */

/* Begin PBXHeadersBuildPhase section */
		3356ABA525B35B52006F32FF /* Headers */ = {
			isa = PBXHeadersBuildPhase;
			buildActionMask = 2147483647;
			files = (
				3356ABBB25B35B52006F32FF /* PSAWeatherSDK.h in Headers */,
			);
			runOnlyForDeploymentPostprocessing = 0;
		};
/* End PBXHeadersBuildPhase section */

/* Begin PBXNativeTarget section */
		3356ABA925B35B52006F32FF /* PSAWeatherSDK */ = {
			isa = PBXNativeTarget;
			buildConfigurationList = 3356ABBE25B35B52006F32FF /* Build configuration list for PBXNativeTarget "PSAWeatherSDK" */;
			buildPhases = (
				3356ABA525B35B52006F32FF /* Headers */,
				3356ABA625B35B52006F32FF /* Sources */,
				3356ABA725B35B52006F32FF /* Frameworks */,
				3356ABA825B35B52006F32FF /* Resources */,
			);
			buildRules = (
			);
			dependencies = (
			);
			name = PSAWeatherSDK;
			productName = PSAWeatherSDK;
			productReference = 3356ABAA25B35B52006F32FF /* PSAWeatherSDK.framework */;
			productType = "com.apple.product-type.framework";
		};
		3356ABB225B35B52006F32FF /* PSAWeatherSDKTests */ = {
			isa = PBXNativeTarget;
			buildConfigurationList = 3356ABC125B35B52006F32FF /* Build configuration list for PBXNativeTarget "PSAWeatherSDKTests" */;
			buildPhases = (
				3356ABAF25B35B52006F32FF /* Sources */,
				3356ABB025B35B52006F32FF /* Frameworks */,
				3356ABB125B35B52006F32FF /* Resources */,
			);
			buildRules = (
			);
			dependencies = (
				3356ABB625B35B52006F32FF /* PBXTargetDependency */,
				33B0EC0B25B46B08009F4E51 /* PBXTargetDependency */,
			);
			name = PSAWeatherSDKTests;
			productName = PSAWeatherSDKTests;
			productReference = 3356ABB325B35B52006F32FF /* PSAWeatherSDKTests.xctest */;
			productType = "com.apple.product-type.bundle.unit-test";
		};
		3356ABC925B35BEC006F32FF /* PSAWeatherSDKExamples */ = {
			isa = PBXNativeTarget;
			buildConfigurationList = 3356ABDB25B35BEF006F32FF /* Build configuration list for PBXNativeTarget "PSAWeatherSDKExamples" */;
			buildPhases = (
				3356ABC625B35BEC006F32FF /* Sources */,
				3356ABC725B35BEC006F32FF /* Frameworks */,
				3356ABC825B35BEC006F32FF /* Resources */,
			);
			buildRules = (
			);
			dependencies = (
			);
			name = PSAWeatherSDKExamples;
			productName = PSAWeatherSDKExamples;
			productReference = 3356ABCA25B35BEC006F32FF /* PSAWeatherSDKExamples.app */;
			productType = "com.apple.product-type.application";
		};
/* End PBXNativeTarget section */

/* Begin PBXProject section */
		3356ABA125B35B52006F32FF /* Project object */ = {
			isa = PBXProject;
			attributes = {
				LastSwiftUpdateCheck = 1230;
				LastUpgradeCheck = 1230;
				TargetAttributes = {
					3356ABA925B35B52006F32FF = {
						CreatedOnToolsVersion = 12.3;
						LastSwiftMigration = 1230;
					};
					3356ABB225B35B52006F32FF = {
						CreatedOnToolsVersion = 12.3;
						TestTargetID = 3356ABC925B35BEC006F32FF;
					};
					3356ABC925B35BEC006F32FF = {
						CreatedOnToolsVersion = 12.3;
					};
				};
			};
			buildConfigurationList = 3356ABA425B35B52006F32FF /* Build configuration list for PBXProject "PSAWeatherSDK" */;
			compatibilityVersion = "Xcode 9.3";
			developmentRegion = en;
			hasScannedForEncodings = 0;
			knownRegions = (
				en,
				Base,
			);
			mainGroup = 3356ABA025B35B52006F32FF;
			productRefGroup = 3356ABAB25B35B52006F32FF /* Products */;
			projectDirPath = "";
			projectRoot = "";
			targets = (
				3356ABA925B35B52006F32FF /* PSAWeatherSDK */,
				3356ABB225B35B52006F32FF /* PSAWeatherSDKTests */,
				3356ABC925B35BEC006F32FF /* PSAWeatherSDKExamples */,
			);
		};
/* End PBXProject section */

/* Begin PBXResourcesBuildPhase section */
		3356ABA825B35B52006F32FF /* Resources */ = {
			isa = PBXResourcesBuildPhase;
			buildActionMask = 2147483647;
			files = (
			);
			runOnlyForDeploymentPostprocessing = 0;
		};
		3356ABB125B35B52006F32FF /* Resources */ = {
			isa = PBXResourcesBuildPhase;
			buildActionMask = 2147483647;
			files = (
				33B0EBED25B45C00009F4E51 /* CurrentWeather.json in Resources */,
			);
			runOnlyForDeploymentPostprocessing = 0;
		};
		3356ABC825B35BEC006F32FF /* Resources */ = {
			isa = PBXResourcesBuildPhase;
			buildActionMask = 2147483647;
			files = (
				3356ABD925B35BEF006F32FF /* LaunchScreen.storyboard in Resources */,
				3356ABD625B35BEF006F32FF /* Assets.xcassets in Resources */,
				3356ABD425B35BED006F32FF /* Main.storyboard in Resources */,
			);
			runOnlyForDeploymentPostprocessing = 0;
		};
/* End PBXResourcesBuildPhase section */

/* Begin PBXSourcesBuildPhase section */
		3356ABA625B35B52006F32FF /* Sources */ = {
			isa = PBXSourcesBuildPhase;
			buildActionMask = 2147483647;
			files = (
				3356ACB525B3BBFB006F32FF /* Weather+CoreDataClass.swift in Sources */,
				3356AC0325B372A9006F32FF /* AddCityProtocols.swift in Sources */,
				3356AC2425B37D2A006F32FF /* CurrentCityWeather.swift in Sources */,
				3356ACB425B3BBFB006F32FF /* Main+CoreDataProperties.swift in Sources */,
				3356AC1925B3771E006F32FF /* NetworkError.swift in Sources */,
				3356AC1125B376A3006F32FF /* WebService .swift in Sources */,
				3356AC7425B39305006F32FF /* Extenions.swift in Sources */,
				3356ACB925B3BBFB006F32FF /* Coord+CoreDataClass.swift in Sources */,
				3356AC0B25B372D8006F32FF /* AddCityInteractor.swift in Sources */,
				3356ACBB25B3BBFB006F32FF /* CurrentCityWeather+CoreDataClass.swift in Sources */,
				3356AC1E25B37855006F32FF /* URLGenerator.swift in Sources */,
				3356ABF425B36C49006F32FF /* PSAWeatherSDKProtocol.swift in Sources */,
				3356AC4A25B387F1006F32FF /* PersistentService.swift in Sources */,
				3356ACB825B3BBFB006F32FF /* Clouds+CoreDataProperties.swift in Sources */,
				3356ACBA25B3BBFB006F32FF /* Coord+CoreDataProperties.swift in Sources */,
				3356ABEF25B367DE006F32FF /* PSAWeatherSDK.swift in Sources */,
				3356AC5025B388A8006F32FF /* CoreDataInteractor.swift in Sources */,
				3356ACB625B3BBFB006F32FF /* Weather+CoreDataProperties.swift in Sources */,
				3356ACB125B3BBFB006F32FF /* Wind+CoreDataClass.swift in Sources */,
				3356ACB725B3BBFB006F32FF /* Clouds+CoreDataClass.swift in Sources */,
				3356ACB325B3BBFB006F32FF /* Main+CoreDataClass.swift in Sources */,
				3356ABFE25B37284006F32FF /* PSAWeatherSDKExtension.swift in Sources */,
				3356ACB225B3BBFB006F32FF /* Wind+CoreDataProperties.swift in Sources */,
				3356ACBC25B3BBFB006F32FF /* CurrentCityWeather+CoreDataProperties.swift in Sources */,
				3356ABE325B35C69006F32FF /* PSAWeatherSDK.xcdatamodeld in Sources */,
			);
			runOnlyForDeploymentPostprocessing = 0;
		};
		3356ABAF25B35B52006F32FF /* Sources */ = {
			isa = PBXSourcesBuildPhase;
			buildActionMask = 2147483647;
			files = (
				3356ABB925B35B52006F32FF /* PSAWeatherSDKTests.swift in Sources */,
				33B0EC4025B47E59009F4E51 /* NetworkSessionMock.swift in Sources */,
				33B0EBF625B46174009F4E51 /* CoreDataInteractorTest.swift in Sources */,
				33B0EBFD25B468D1009F4E51 /* PSAWeatherSDK.xcdatamodeld in Sources */,
				33B0EBE825B45AD9009F4E51 /* WebServiceTest.swift in Sources */,
				33B0EC1725B46CAB009F4E51 /* CityInteractorTest.swift in Sources */,
			);
			runOnlyForDeploymentPostprocessing = 0;
		};
		3356ABC625B35BEC006F32FF /* Sources */ = {
			isa = PBXSourcesBuildPhase;
			buildActionMask = 2147483647;
			files = (
				3356ACCC25B3BC7E006F32FF /* PSAWeatherSDK.xcdatamodeld in Sources */,
				3356ABD125B35BEC006F32FF /* ViewController.swift in Sources */,
				3356ABCD25B35BEC006F32FF /* AppDelegate.swift in Sources */,
				3356ABCF25B35BEC006F32FF /* SceneDelegate.swift in Sources */,
			);
			runOnlyForDeploymentPostprocessing = 0;
		};
/* End PBXSourcesBuildPhase section */

/* Begin PBXTargetDependency section */
		3356ABB625B35B52006F32FF /* PBXTargetDependency */ = {
			isa = PBXTargetDependency;
			target = 3356ABA925B35B52006F32FF /* PSAWeatherSDK */;
			targetProxy = 3356ABB525B35B52006F32FF /* PBXContainerItemProxy */;
		};
		33B0EC0B25B46B08009F4E51 /* PBXTargetDependency */ = {
			isa = PBXTargetDependency;
			target = 3356ABC925B35BEC006F32FF /* PSAWeatherSDKExamples */;
			targetProxy = 33B0EC0A25B46B08009F4E51 /* PBXContainerItemProxy */;
		};
/* End PBXTargetDependency section */

/* Begin PBXVariantGroup section */
		3356ABD225B35BED006F32FF /* Main.storyboard */ = {
			isa = PBXVariantGroup;
			children = (
				3356ABD325B35BED006F32FF /* Base */,
			);
			name = Main.storyboard;
			sourceTree = "<group>";
		};
		3356ABD725B35BEF006F32FF /* LaunchScreen.storyboard */ = {
			isa = PBXVariantGroup;
			children = (
				3356ABD825B35BEF006F32FF /* Base */,
			);
			name = LaunchScreen.storyboard;
			sourceTree = "<group>";
		};
/* End PBXVariantGroup section */

/* Begin XCBuildConfiguration section */
		3356ABBC25B35B52006F32FF /* Debug */ = {
			isa = XCBuildConfiguration;
			buildSettings = {
				ALWAYS_SEARCH_USER_PATHS = NO;
				CLANG_ANALYZER_NONNULL = YES;
				CLANG_ANALYZER_NUMBER_OBJECT_CONVERSION = YES_AGGRESSIVE;
				CLANG_CXX_LANGUAGE_STANDARD = "gnu++14";
				CLANG_CXX_LIBRARY = "libc++";
				CLANG_ENABLE_MODULES = YES;
				CLANG_ENABLE_OBJC_ARC = YES;
				CLANG_ENABLE_OBJC_WEAK = YES;
				CLANG_WARN_BLOCK_CAPTURE_AUTORELEASING = YES;
				CLANG_WARN_BOOL_CONVERSION = YES;
				CLANG_WARN_COMMA = YES;
				CLANG_WARN_CONSTANT_CONVERSION = YES;
				CLANG_WARN_DEPRECATED_OBJC_IMPLEMENTATIONS = YES;
				CLANG_WARN_DIRECT_OBJC_ISA_USAGE = YES_ERROR;
				CLANG_WARN_DOCUMENTATION_COMMENTS = YES;
				CLANG_WARN_EMPTY_BODY = YES;
				CLANG_WARN_ENUM_CONVERSION = YES;
				CLANG_WARN_INFINITE_RECURSION = YES;
				CLANG_WARN_INT_CONVERSION = YES;
				CLANG_WARN_NON_LITERAL_NULL_CONVERSION = YES;
				CLANG_WARN_OBJC_IMPLICIT_RETAIN_SELF = YES;
				CLANG_WARN_OBJC_LITERAL_CONVERSION = YES;
				CLANG_WARN_OBJC_ROOT_CLASS = YES_ERROR;
				CLANG_WARN_QUOTED_INCLUDE_IN_FRAMEWORK_HEADER = YES;
				CLANG_WARN_RANGE_LOOP_ANALYSIS = YES;
				CLANG_WARN_STRICT_PROTOTYPES = YES;
				CLANG_WARN_SUSPICIOUS_MOVE = YES;
				CLANG_WARN_UNGUARDED_AVAILABILITY = YES_AGGRESSIVE;
				CLANG_WARN_UNREACHABLE_CODE = YES;
				CLANG_WARN__DUPLICATE_METHOD_MATCH = YES;
				COPY_PHASE_STRIP = NO;
				CURRENT_PROJECT_VERSION = 1;
				DEBUG_INFORMATION_FORMAT = dwarf;
				ENABLE_STRICT_OBJC_MSGSEND = YES;
				ENABLE_TESTABILITY = YES;
				GCC_C_LANGUAGE_STANDARD = gnu11;
				GCC_DYNAMIC_NO_PIC = NO;
				GCC_NO_COMMON_BLOCKS = YES;
				GCC_OPTIMIZATION_LEVEL = 0;
				GCC_PREPROCESSOR_DEFINITIONS = (
					"DEBUG=1",
					"$(inherited)",
				);
				GCC_WARN_64_TO_32_BIT_CONVERSION = YES;
				GCC_WARN_ABOUT_RETURN_TYPE = YES_ERROR;
				GCC_WARN_UNDECLARED_SELECTOR = YES;
				GCC_WARN_UNINITIALIZED_AUTOS = YES_AGGRESSIVE;
				GCC_WARN_UNUSED_FUNCTION = YES;
				GCC_WARN_UNUSED_VARIABLE = YES;
				IPHONEOS_DEPLOYMENT_TARGET = 13.0;
				MTL_ENABLE_DEBUG_INFO = INCLUDE_SOURCE;
				MTL_FAST_MATH = YES;
				ONLY_ACTIVE_ARCH = YES;
				SDKROOT = iphoneos;
				SWIFT_ACTIVE_COMPILATION_CONDITIONS = DEBUG;
				SWIFT_OPTIMIZATION_LEVEL = "-Onone";
				VERSIONING_SYSTEM = "apple-generic";
				VERSION_INFO_PREFIX = "";
			};
			name = Debug;
		};
		3356ABBD25B35B52006F32FF /* Release */ = {
			isa = XCBuildConfiguration;
			buildSettings = {
				ALWAYS_SEARCH_USER_PATHS = NO;
				CLANG_ANALYZER_NONNULL = YES;
				CLANG_ANALYZER_NUMBER_OBJECT_CONVERSION = YES_AGGRESSIVE;
				CLANG_CXX_LANGUAGE_STANDARD = "gnu++14";
				CLANG_CXX_LIBRARY = "libc++";
				CLANG_ENABLE_MODULES = YES;
				CLANG_ENABLE_OBJC_ARC = YES;
				CLANG_ENABLE_OBJC_WEAK = YES;
				CLANG_WARN_BLOCK_CAPTURE_AUTORELEASING = YES;
				CLANG_WARN_BOOL_CONVERSION = YES;
				CLANG_WARN_COMMA = YES;
				CLANG_WARN_CONSTANT_CONVERSION = YES;
				CLANG_WARN_DEPRECATED_OBJC_IMPLEMENTATIONS = YES;
				CLANG_WARN_DIRECT_OBJC_ISA_USAGE = YES_ERROR;
				CLANG_WARN_DOCUMENTATION_COMMENTS = YES;
				CLANG_WARN_EMPTY_BODY = YES;
				CLANG_WARN_ENUM_CONVERSION = YES;
				CLANG_WARN_INFINITE_RECURSION = YES;
				CLANG_WARN_INT_CONVERSION = YES;
				CLANG_WARN_NON_LITERAL_NULL_CONVERSION = YES;
				CLANG_WARN_OBJC_IMPLICIT_RETAIN_SELF = YES;
				CLANG_WARN_OBJC_LITERAL_CONVERSION = YES;
				CLANG_WARN_OBJC_ROOT_CLASS = YES_ERROR;
				CLANG_WARN_QUOTED_INCLUDE_IN_FRAMEWORK_HEADER = YES;
				CLANG_WARN_RANGE_LOOP_ANALYSIS = YES;
				CLANG_WARN_STRICT_PROTOTYPES = YES;
				CLANG_WARN_SUSPICIOUS_MOVE = YES;
				CLANG_WARN_UNGUARDED_AVAILABILITY = YES_AGGRESSIVE;
				CLANG_WARN_UNREACHABLE_CODE = YES;
				CLANG_WARN__DUPLICATE_METHOD_MATCH = YES;
				COPY_PHASE_STRIP = NO;
				CURRENT_PROJECT_VERSION = 1;
				DEBUG_INFORMATION_FORMAT = "dwarf-with-dsym";
				ENABLE_NS_ASSERTIONS = NO;
				ENABLE_STRICT_OBJC_MSGSEND = YES;
				GCC_C_LANGUAGE_STANDARD = gnu11;
				GCC_NO_COMMON_BLOCKS = YES;
				GCC_WARN_64_TO_32_BIT_CONVERSION = YES;
				GCC_WARN_ABOUT_RETURN_TYPE = YES_ERROR;
				GCC_WARN_UNDECLARED_SELECTOR = YES;
				GCC_WARN_UNINITIALIZED_AUTOS = YES_AGGRESSIVE;
				GCC_WARN_UNUSED_FUNCTION = YES;
				GCC_WARN_UNUSED_VARIABLE = YES;
				IPHONEOS_DEPLOYMENT_TARGET = 13.0;
				MTL_ENABLE_DEBUG_INFO = NO;
				MTL_FAST_MATH = YES;
				SDKROOT = iphoneos;
				SWIFT_COMPILATION_MODE = wholemodule;
				SWIFT_OPTIMIZATION_LEVEL = "-O";
				VALIDATE_PRODUCT = YES;
				VERSIONING_SYSTEM = "apple-generic";
				VERSION_INFO_PREFIX = "";
			};
			name = Release;
		};
		3356ABBF25B35B52006F32FF /* Debug */ = {
			isa = XCBuildConfiguration;
			buildSettings = {
				CLANG_ENABLE_MODULES = YES;
				CODE_SIGN_STYLE = Automatic;
				DEFINES_MODULE = YES;
				DYLIB_COMPATIBILITY_VERSION = 1;
				DYLIB_CURRENT_VERSION = 1;
				DYLIB_INSTALL_NAME_BASE = "@rpath";
				INFOPLIST_FILE = PSAWeatherSDK/Info.plist;
				INSTALL_PATH = "$(LOCAL_LIBRARY_DIR)/Frameworks";
				LD_RUNPATH_SEARCH_PATHS = (
					"$(inherited)",
					"@executable_path/Frameworks",
					"@loader_path/Frameworks",
				);
				PRODUCT_BUNDLE_IDENTIFIER = com.amine.PSAWeatherSDK;
				PRODUCT_NAME = "$(TARGET_NAME:c99extidentifier)";
				SKIP_INSTALL = YES;
				SWIFT_OPTIMIZATION_LEVEL = "-Onone";
				SWIFT_VERSION = 5.0;
				TARGETED_DEVICE_FAMILY = "1,2";
			};
			name = Debug;
		};
		3356ABC025B35B52006F32FF /* Release */ = {
			isa = XCBuildConfiguration;
			buildSettings = {
				CLANG_ENABLE_MODULES = YES;
				CODE_SIGN_STYLE = Automatic;
				DEFINES_MODULE = YES;
				DYLIB_COMPATIBILITY_VERSION = 1;
				DYLIB_CURRENT_VERSION = 1;
				DYLIB_INSTALL_NAME_BASE = "@rpath";
				INFOPLIST_FILE = PSAWeatherSDK/Info.plist;
				INSTALL_PATH = "$(LOCAL_LIBRARY_DIR)/Frameworks";
				LD_RUNPATH_SEARCH_PATHS = (
					"$(inherited)",
					"@executable_path/Frameworks",
					"@loader_path/Frameworks",
				);
				PRODUCT_BUNDLE_IDENTIFIER = com.amine.PSAWeatherSDK;
				PRODUCT_NAME = "$(TARGET_NAME:c99extidentifier)";
				SKIP_INSTALL = YES;
				SWIFT_VERSION = 5.0;
				TARGETED_DEVICE_FAMILY = "1,2";
			};
			name = Release;
		};
		3356ABC225B35B52006F32FF /* Debug */ = {
			isa = XCBuildConfiguration;
			buildSettings = {
				ALWAYS_EMBED_SWIFT_STANDARD_LIBRARIES = YES;
				BUNDLE_LOADER = "$(TEST_HOST)";
				CODE_SIGN_STYLE = Automatic;
				INFOPLIST_FILE = PSAWeatherSDKTests/Info.plist;
				LD_RUNPATH_SEARCH_PATHS = (
					"$(inherited)",
					"@executable_path/Frameworks",
					"@loader_path/Frameworks",
				);
				PRODUCT_BUNDLE_IDENTIFIER = com.amine.PSAWeatherSDKTests;
				PRODUCT_NAME = "$(TARGET_NAME)";
				SWIFT_VERSION = 5.0;
				TARGETED_DEVICE_FAMILY = "1,2";
				TEST_HOST = "$(BUILT_PRODUCTS_DIR)/PSAWeatherSDKExamples.app/PSAWeatherSDKExamples";
			};
			name = Debug;
		};
		3356ABC325B35B52006F32FF /* Release */ = {
			isa = XCBuildConfiguration;
			buildSettings = {
				ALWAYS_EMBED_SWIFT_STANDARD_LIBRARIES = YES;
				BUNDLE_LOADER = "$(TEST_HOST)";
				CODE_SIGN_STYLE = Automatic;
				INFOPLIST_FILE = PSAWeatherSDKTests/Info.plist;
				LD_RUNPATH_SEARCH_PATHS = (
					"$(inherited)",
					"@executable_path/Frameworks",
					"@loader_path/Frameworks",
				);
				PRODUCT_BUNDLE_IDENTIFIER = com.amine.PSAWeatherSDKTests;
				PRODUCT_NAME = "$(TARGET_NAME)";
				SWIFT_VERSION = 5.0;
				TARGETED_DEVICE_FAMILY = "1,2";
				TEST_HOST = "$(BUILT_PRODUCTS_DIR)/PSAWeatherSDKExamples.app/PSAWeatherSDKExamples";
			};
			name = Release;
		};
		3356ABDC25B35BEF006F32FF /* Debug */ = {
			isa = XCBuildConfiguration;
			buildSettings = {
				ASSETCATALOG_COMPILER_APPICON_NAME = AppIcon;
				ASSETCATALOG_COMPILER_GLOBAL_ACCENT_COLOR_NAME = AccentColor;
				CODE_SIGN_STYLE = Automatic;
				INFOPLIST_FILE = PSAWeatherSDKExamples/Info.plist;
				LD_RUNPATH_SEARCH_PATHS = (
					"$(inherited)",
					"@executable_path/Frameworks",
				);
				PRODUCT_BUNDLE_IDENTIFIER = com.amine.PSAWeatherSDKExamples;
				PRODUCT_NAME = "$(TARGET_NAME)";
				SWIFT_VERSION = 5.0;
				TARGETED_DEVICE_FAMILY = "1,2";
			};
			name = Debug;
		};
		3356ABDD25B35BEF006F32FF /* Release */ = {
			isa = XCBuildConfiguration;
			buildSettings = {
				ASSETCATALOG_COMPILER_APPICON_NAME = AppIcon;
				ASSETCATALOG_COMPILER_GLOBAL_ACCENT_COLOR_NAME = AccentColor;
				CODE_SIGN_STYLE = Automatic;
				INFOPLIST_FILE = PSAWeatherSDKExamples/Info.plist;
				LD_RUNPATH_SEARCH_PATHS = (
					"$(inherited)",
					"@executable_path/Frameworks",
				);
				PRODUCT_BUNDLE_IDENTIFIER = com.amine.PSAWeatherSDKExamples;
				PRODUCT_NAME = "$(TARGET_NAME)";
				SWIFT_VERSION = 5.0;
				TARGETED_DEVICE_FAMILY = "1,2";
			};
			name = Release;
		};
/* End XCBuildConfiguration section */

/* Begin XCConfigurationList section */
		3356ABA425B35B52006F32FF /* Build configuration list for PBXProject "PSAWeatherSDK" */ = {
			isa = XCConfigurationList;
			buildConfigurations = (
				3356ABBC25B35B52006F32FF /* Debug */,
				3356ABBD25B35B52006F32FF /* Release */,
			);
			defaultConfigurationIsVisible = 0;
			defaultConfigurationName = Release;
		};
		3356ABBE25B35B52006F32FF /* Build configuration list for PBXNativeTarget "PSAWeatherSDK" */ = {
			isa = XCConfigurationList;
			buildConfigurations = (
				3356ABBF25B35B52006F32FF /* Debug */,
				3356ABC025B35B52006F32FF /* Release */,
			);
			defaultConfigurationIsVisible = 0;
			defaultConfigurationName = Release;
		};
		3356ABC125B35B52006F32FF /* Build configuration list for PBXNativeTarget "PSAWeatherSDKTests" */ = {
			isa = XCConfigurationList;
			buildConfigurations = (
				3356ABC225B35B52006F32FF /* Debug */,
				3356ABC325B35B52006F32FF /* Release */,
			);
			defaultConfigurationIsVisible = 0;
			defaultConfigurationName = Release;
		};
		3356ABDB25B35BEF006F32FF /* Build configuration list for PBXNativeTarget "PSAWeatherSDKExamples" */ = {
			isa = XCConfigurationList;
			buildConfigurations = (
				3356ABDC25B35BEF006F32FF /* Debug */,
				3356ABDD25B35BEF006F32FF /* Release */,
			);
			defaultConfigurationIsVisible = 0;
			defaultConfigurationName = Release;
		};
/* End XCConfigurationList section */

/* Begin XCVersionGroup section */
		3356ABE125B35C69006F32FF /* PSAWeatherSDK.xcdatamodeld */ = {
			isa = XCVersionGroup;
			children = (
				3356ABE225B35C69006F32FF /* PSAWeatherSDK.xcdatamodel */,
			);
			currentVersion = 3356ABE225B35C69006F32FF /* PSAWeatherSDK.xcdatamodel */;
			path = PSAWeatherSDK.xcdatamodeld;
			sourceTree = "<group>";
			versionGroupType = wrapper.xcdatamodel;
		};
/* End XCVersionGroup section */
	};
	rootObject = 3356ABA125B35B52006F32FF /* Project object */;
}
